// !$*UTF8*$!
{
	archiveVersion = 1;
	classes = {
	};
	objectVersion = 46;
	objects = {

/* Begin PBXBuildFile section */
		29270E5E142908FB0051B993 /* Cocoa.framework in Frameworks */ = {isa = PBXBuildFile; fileRef = 29A704611428549500460073 /* Cocoa.framework */; };
		29270E64142908FB0051B993 /* InfoPlist.strings in Resources */ = {isa = PBXBuildFile; fileRef = 29270E62142908FB0051B993 /* InfoPlist.strings */; };
		29270E66142908FB0051B993 /* main.m in Sources */ = {isa = PBXBuildFile; fileRef = 29270E65142908FB0051B993 /* main.m */; };
		29270E6A142908FB0051B993 /* Credits.rtf in Resources */ = {isa = PBXBuildFile; fileRef = 29270E68142908FB0051B993 /* Credits.rtf */; };
		29270E6D142908FB0051B993 /* TestsAppDelegate.m in Sources */ = {isa = PBXBuildFile; fileRef = 29270E6C142908FB0051B993 /* TestsAppDelegate.m */; };
		29270E70142908FC0051B993 /* MainMenu.xib in Resources */ = {isa = PBXBuildFile; fileRef = 29270E6E142908FC0051B993 /* MainMenu.xib */; };
		293632D21426A68B00F7A15B /* Foundation.framework in Frameworks */ = {isa = PBXBuildFile; fileRef = 293632D11426A68B00F7A15B /* Foundation.framework */; };
		293632D51426A68B00F7A15B /* main.m in Sources */ = {isa = PBXBuildFile; fileRef = 293632D41426A68B00F7A15B /* main.m */; };
		293632D91426A68B00F7A15B /* Anagram.1 in CopyFiles */ = {isa = PBXBuildFile; fileRef = 293632D81426A68B00F7A15B /* Anagram.1 */; };
		293632E51426B1DF00F7A15B /* Foundation.framework in Frameworks */ = {isa = PBXBuildFile; fileRef = 293632D11426A68B00F7A15B /* Foundation.framework */; };
		293632E81426B1DF00F7A15B /* main.m in Sources */ = {isa = PBXBuildFile; fileRef = 293632E71426B1DF00F7A15B /* main.m */; };
		293632EC1426B1DF00F7A15B /* DictionaryImporter.1 in CopyFiles */ = {isa = PBXBuildFile; fileRef = 293632EB1426B1DF00F7A15B /* DictionaryImporter.1 */; };
		29A7041E1426EA8A00460073 /* word-machines.m in Sources */ = {isa = PBXBuildFile; fileRef = 29A7041D1426EA8A00460073 /* word-machines.m */; };
		29A704231426FD9100460073 /* word-machines.m in Sources */ = {isa = PBXBuildFile; fileRef = 29A7041D1426EA8A00460073 /* word-machines.m */; };
		29A704581428503200460073 /* DictionaryModel.m in Sources */ = {isa = PBXBuildFile; fileRef = 29A704571428503200460073 /* DictionaryModel.m */; };
/* End PBXBuildFile section */

/* Begin PBXCopyFilesBuildPhase section */
		293632CB1426A68B00F7A15B /* CopyFiles */ = {
			isa = PBXCopyFilesBuildPhase;
			buildActionMask = 2147483647;
			dstPath = /usr/share/man/man1/;
			dstSubfolderSpec = 0;
			files = (
				293632D91426A68B00F7A15B /* Anagram.1 in CopyFiles */,
			);
			runOnlyForDeploymentPostprocessing = 1;
		};
		293632E11426B1DF00F7A15B /* CopyFiles */ = {
			isa = PBXCopyFilesBuildPhase;
			buildActionMask = 2147483647;
			dstPath = /usr/share/man/man1/;
			dstSubfolderSpec = 0;
			files = (
				293632EC1426B1DF00F7A15B /* DictionaryImporter.1 in CopyFiles */,
			);
			runOnlyForDeploymentPostprocessing = 1;
		};
/* End PBXCopyFilesBuildPhase section */

/* Begin PBXFileReference section */
		29270DCE14285EBA0051B993 /* GHUnit.framework */ = {isa = PBXFileReference; lastKnownFileType = wrapper.framework; name = GHUnit.framework; path = "../../gh-unit/Project-MacOSX/build/Release/GHUnit.framework"; sourceTree = "<group>"; };
		29270E471428C17F0051B993 /* SenTestingKit.framework */ = {isa = PBXFileReference; lastKnownFileType = wrapper.framework; name = SenTestingKit.framework; path = Library/Frameworks/SenTestingKit.framework; sourceTree = DEVELOPER_DIR; };
		29270E5C142908FB0051B993 /* Tests.app */ = {isa = PBXFileReference; explicitFileType = wrapper.application; includeInIndex = 0; path = Tests.app; sourceTree = BUILT_PRODUCTS_DIR; };
		29270E61142908FB0051B993 /* Tests-Info.plist */ = {isa = PBXFileReference; path = "Tests-Info.plist"; sourceTree = "<group>"; };
		29270E63142908FB0051B993 /* en */ = {isa = PBXFileReference; lastKnownFileType = text.plist.strings; name = en; path = en.lproj/InfoPlist.strings; sourceTree = "<group>"; };
		29270E65142908FB0051B993 /* main.m */ = {isa = PBXFileReference; lastKnownFileType = sourcecode.c.objc; path = main.m; sourceTree = "<group>"; };
		29270E67142908FB0051B993 /* Tests-Prefix.pch */ = {isa = PBXFileReference; path = "Tests-Prefix.pch"; sourceTree = "<group>"; };
		29270E69142908FB0051B993 /* en */ = {isa = PBXFileReference; lastKnownFileType = text.rtf; name = en; path = en.lproj/Credits.rtf; sourceTree = "<group>"; };
		29270E6B142908FB0051B993 /* TestsAppDelegate.h */ = {isa = PBXFileReference; path = TestsAppDelegate.h; sourceTree = "<group>"; };
		29270E6C142908FB0051B993 /* TestsAppDelegate.m */ = {isa = PBXFileReference; lastKnownFileType = sourcecode.c.objc; path = TestsAppDelegate.m; sourceTree = "<group>"; };
		29270E6F142908FC0051B993 /* en */ = {isa = PBXFileReference; lastKnownFileType = file.xib; name = en; path = en.lproj/MainMenu.xib; sourceTree = "<group>"; };
		293632CD1426A68B00F7A15B /* Anagram */ = {isa = PBXFileReference; explicitFileType = "compiled.mach-o.executable"; includeInIndex = 0; path = Anagram; sourceTree = BUILT_PRODUCTS_DIR; };
		293632D11426A68B00F7A15B /* Foundation.framework */ = {isa = PBXFileReference; lastKnownFileType = wrapper.framework; name = Foundation.framework; path = System/Library/Frameworks/Foundation.framework; sourceTree = SDKROOT; };
		293632D41426A68B00F7A15B /* main.m */ = {isa = PBXFileReference; lastKnownFileType = sourcecode.c.objc; path = main.m; sourceTree = "<group>"; };
		293632D71426A68B00F7A15B /* Anagram-Prefix.pch */ = {isa = PBXFileReference; lastKnownFileType = sourcecode.c.h; path = "Anagram-Prefix.pch"; sourceTree = "<group>"; };
		293632D81426A68B00F7A15B /* Anagram.1 */ = {isa = PBXFileReference; lastKnownFileType = text.man; path = Anagram.1; sourceTree = "<group>"; };
		293632E31426B1DF00F7A15B /* DictionaryImporter */ = {isa = PBXFileReference; explicitFileType = "compiled.mach-o.executable"; includeInIndex = 0; path = DictionaryImporter; sourceTree = BUILT_PRODUCTS_DIR; };
		293632E71426B1DF00F7A15B /* main.m */ = {isa = PBXFileReference; lastKnownFileType = sourcecode.c.objc; path = main.m; sourceTree = "<group>"; };
		293632EA1426B1DF00F7A15B /* DictionaryImporter-Prefix.pch */ = {isa = PBXFileReference; lastKnownFileType = sourcecode.c.h; path = "DictionaryImporter-Prefix.pch"; sourceTree = "<group>"; };
		293632EB1426B1DF00F7A15B /* DictionaryImporter.1 */ = {isa = PBXFileReference; lastKnownFileType = text.man; path = DictionaryImporter.1; sourceTree = "<group>"; };
		29A7041C1426EA8A00460073 /* word-machines.h */ = {isa = PBXFileReference; fileEncoding = 4; lastKnownFileType = sourcecode.c.h; path = "word-machines.h"; sourceTree = "<group>"; };
		29A7041D1426EA8A00460073 /* word-machines.m */ = {isa = PBXFileReference; fileEncoding = 4; lastKnownFileType = sourcecode.c.objc; path = "word-machines.m"; sourceTree = "<group>"; };
		29A704561428503200460073 /* DictionaryModel.h */ = {isa = PBXFileReference; fileEncoding = 4; lastKnownFileType = sourcecode.c.h; path = DictionaryModel.h; sourceTree = "<group>"; };
		29A704571428503200460073 /* DictionaryModel.m */ = {isa = PBXFileReference; fileEncoding = 4; lastKnownFileType = sourcecode.c.objc; path = DictionaryModel.m; sourceTree = "<group>"; };
		29A704611428549500460073 /* Cocoa.framework */ = {isa = PBXFileReference; lastKnownFileType = wrapper.framework; name = Cocoa.framework; path = Library/Frameworks/Cocoa.framework; sourceTree = DEVELOPER_DIR; };
		29A704641428549500460073 /* AppKit.framework */ = {isa = PBXFileReference; lastKnownFileType = wrapper.framework; name = AppKit.framework; path = Library/Frameworks/AppKit.framework; sourceTree = SDKROOT; };
		29A704651428549500460073 /* CoreData.framework */ = {isa = PBXFileReference; lastKnownFileType = wrapper.framework; name = CoreData.framework; path = Library/Frameworks/CoreData.framework; sourceTree = SDKROOT; };
		29A704661428549500460073 /* Foundation.framework */ = {isa = PBXFileReference; lastKnownFileType = wrapper.framework; name = Foundation.framework; path = Library/Frameworks/Foundation.framework; sourceTree = SDKROOT; };
/* End PBXFileReference section */

/* Begin PBXFrameworksBuildPhase section */
		29270E59142908FB0051B993 /* Frameworks */ = {
			isa = PBXFrameworksBuildPhase;
			buildActionMask = 2147483647;
			files = (
				29270E5E142908FB0051B993 /* Cocoa.framework in Frameworks */,
			);
			runOnlyForDeploymentPostprocessing = 0;
		};
		293632CA1426A68B00F7A15B /* Frameworks */ = {
			isa = PBXFrameworksBuildPhase;
			buildActionMask = 2147483647;
			files = (
				293632D21426A68B00F7A15B /* Foundation.framework in Frameworks */,
			);
			runOnlyForDeploymentPostprocessing = 0;
		};
		293632E01426B1DF00F7A15B /* Frameworks */ = {
			isa = PBXFrameworksBuildPhase;
			buildActionMask = 2147483647;
			files = (
				293632E51426B1DF00F7A15B /* Foundation.framework in Frameworks */,
			);
			runOnlyForDeploymentPostprocessing = 0;
		};
/* End PBXFrameworksBuildPhase section */

/* Begin PBXGroup section */
		29270E5F142908FB0051B993 /* Tests */ = {
			isa = PBXGroup;
			children = (
				29270E6B142908FB0051B993 /* TestsAppDelegate.h */,
				29270E6C142908FB0051B993 /* TestsAppDelegate.m */,
				29270E6E142908FC0051B993 /* MainMenu.xib */,
				29270E60142908FB0051B993 /* Supporting Files */,
			);
			path = Tests;
			sourceTree = "<group>";
		};
		29270E60142908FB0051B993 /* Supporting Files */ = {
			isa = PBXGroup;
			children = (
				29270E61142908FB0051B993 /* Tests-Info.plist */,
				29270E62142908FB0051B993 /* InfoPlist.strings */,
				29270E65142908FB0051B993 /* main.m */,
				29270E67142908FB0051B993 /* Tests-Prefix.pch */,
				29270E68142908FB0051B993 /* Credits.rtf */,
			);
			name = "Supporting Files";
			sourceTree = "<group>";
		};
		293632C21426A68B00F7A15B = {
			isa = PBXGroup;
			children = (
				29A7041B1426EA4900460073 /* Helpers */,
				293632D31426A68B00F7A15B /* Anagram */,
				293632E61426B1DF00F7A15B /* DictionaryImporter */,
				29270E5F142908FB0051B993 /* Tests */,
				293632D01426A68B00F7A15B /* Frameworks */,
				293632CE1426A68B00F7A15B /* Products */,
			);
			sourceTree = "<group>";
		};
		293632CE1426A68B00F7A15B /* Products */ = {
			isa = PBXGroup;
			children = (
				293632CD1426A68B00F7A15B /* Anagram */,
				293632E31426B1DF00F7A15B /* DictionaryImporter */,
				29270E5C142908FB0051B993 /* Tests.app */,
			);
			name = Products;
			sourceTree = "<group>";
		};
		293632D01426A68B00F7A15B /* Frameworks */ = {
			isa = PBXGroup;
			children = (
				293632D11426A68B00F7A15B /* Foundation.framework */,
				29A704611428549500460073 /* Cocoa.framework */,
				29270DCE14285EBA0051B993 /* GHUnit.framework */,
				29270E471428C17F0051B993 /* SenTestingKit.framework */,
				29A704631428549500460073 /* Other Frameworks */,
			);
			name = Frameworks;
			sourceTree = "<group>";
		};
		293632D31426A68B00F7A15B /* Anagram */ = {
			isa = PBXGroup;
			children = (
				293632D41426A68B00F7A15B /* main.m */,
				293632D81426A68B00F7A15B /* Anagram.1 */,
				293632D61426A68B00F7A15B /* Supporting Files */,
			);
			path = Anagram;
			sourceTree = "<group>";
		};
		293632D61426A68B00F7A15B /* Supporting Files */ = {
			isa = PBXGroup;
			children = (
				293632D71426A68B00F7A15B /* Anagram-Prefix.pch */,
			);
			name = "Supporting Files";
			sourceTree = "<group>";
		};
		293632E61426B1DF00F7A15B /* DictionaryImporter */ = {
			isa = PBXGroup;
			children = (
				293632E71426B1DF00F7A15B /* main.m */,
				293632EB1426B1DF00F7A15B /* DictionaryImporter.1 */,
				293632E91426B1DF00F7A15B /* Supporting Files */,
				29A704561428503200460073 /* DictionaryModel.h */,
				29A704571428503200460073 /* DictionaryModel.m */,
			);
			path = DictionaryImporter;
			sourceTree = "<group>";
		};
		293632E91426B1DF00F7A15B /* Supporting Files */ = {
			isa = PBXGroup;
			children = (
				293632EA1426B1DF00F7A15B /* DictionaryImporter-Prefix.pch */,
			);
			name = "Supporting Files";
			sourceTree = "<group>";
		};
		29A7041B1426EA4900460073 /* Helpers */ = {
			isa = PBXGroup;
			children = (
				29A7041C1426EA8A00460073 /* word-machines.h */,
				29A7041D1426EA8A00460073 /* word-machines.m */,
			);
			name = Helpers;
			sourceTree = "<group>";
		};
		29A704631428549500460073 /* Other Frameworks */ = {
			isa = PBXGroup;
			children = (
				29A704641428549500460073 /* AppKit.framework */,
				29A704651428549500460073 /* CoreData.framework */,
				29A704661428549500460073 /* Foundation.framework */,
			);
			name = "Other Frameworks";
			sourceTree = "<group>";
		};
/* End PBXGroup section */

/* Begin PBXNativeTarget section */
		29270E5B142908FB0051B993 /* Tests */ = {
			isa = PBXNativeTarget;
			buildConfigurationList = 29270E71142908FC0051B993 /* Build configuration list for PBXNativeTarget "Tests" */;
			buildPhases = (
				29270E58142908FB0051B993 /* Sources */,
				29270E59142908FB0051B993 /* Frameworks */,
				29270E5A142908FB0051B993 /* Resources */,
			);
			buildRules = (
			);
			dependencies = (
			);
			name = Tests;
			productName = Tests;
			productReference = 29270E5C142908FB0051B993 /* Tests.app */;
			productType = "com.apple.product-type.application";
		};
		293632CC1426A68B00F7A15B /* Anagram */ = {
			isa = PBXNativeTarget;
			buildConfigurationList = 293632DC1426A68B00F7A15B /* Build configuration list for PBXNativeTarget "Anagram" */;
			buildPhases = (
				293632C91426A68B00F7A15B /* Sources */,
				293632CA1426A68B00F7A15B /* Frameworks */,
				293632CB1426A68B00F7A15B /* CopyFiles */,
			);
			buildRules = (
			);
			dependencies = (
			);
			name = Anagram;
			productName = Anagram;
			productReference = 293632CD1426A68B00F7A15B /* Anagram */;
			productType = "com.apple.product-type.tool";
		};
		293632E21426B1DF00F7A15B /* DictionaryImporter */ = {
			isa = PBXNativeTarget;
			buildConfigurationList = 293632ED1426B1DF00F7A15B /* Build configuration list for PBXNativeTarget "DictionaryImporter" */;
			buildPhases = (
				293632DF1426B1DF00F7A15B /* Sources */,
				293632E01426B1DF00F7A15B /* Frameworks */,
				293632E11426B1DF00F7A15B /* CopyFiles */,
			);
			buildRules = (
			);
			dependencies = (
			);
			name = DictionaryImporter;
			productName = DictionaryImporter;
			productReference = 293632E31426B1DF00F7A15B /* DictionaryImporter */;
			productType = "com.apple.product-type.tool";
		};
/* End PBXNativeTarget section */

/* Begin PBXProject section */
		293632C41426A68B00F7A15B /* Project object */ = {
			isa = PBXProject;
			buildConfigurationList = 293632C71426A68B00F7A15B /* Build configuration list for PBXProject "Anagram" */;
			compatibilityVersion = "Xcode 3.2";
			developmentRegion = English;
			hasScannedForEncodings = 0;
			knownRegions = (
				en,
			);
			mainGroup = 293632C21426A68B00F7A15B;
			productRefGroup = 293632CE1426A68B00F7A15B /* Products */;
			projectDirPath = "";
			projectRoot = "";
			targets = (
				293632CC1426A68B00F7A15B /* Anagram */,
				293632E21426B1DF00F7A15B /* DictionaryImporter */,
				29270E5B142908FB0051B993 /* Tests */,
			);
		};
/* End PBXProject section */

/* Begin PBXResourcesBuildPhase section */
		29270E5A142908FB0051B993 /* Resources */ = {
			isa = PBXResourcesBuildPhase;
			buildActionMask = 2147483647;
			files = (
				29270E64142908FB0051B993 /* InfoPlist.strings in Resources */,
				29270E6A142908FB0051B993 /* Credits.rtf in Resources */,
				29270E70142908FC0051B993 /* MainMenu.xib in Resources */,
			);
			runOnlyForDeploymentPostprocessing = 0;
		};
/* End PBXResourcesBuildPhase section */

/* Begin PBXSourcesBuildPhase section */
		29270E58142908FB0051B993 /* Sources */ = {
			isa = PBXSourcesBuildPhase;
			buildActionMask = 2147483647;
			files = (
				29270E66142908FB0051B993 /* main.m in Sources */,
				29270E6D142908FB0051B993 /* TestsAppDelegate.m in Sources */,
			);
			runOnlyForDeploymentPostprocessing = 0;
		};
		293632C91426A68B00F7A15B /* Sources */ = {
			isa = PBXSourcesBuildPhase;
			buildActionMask = 2147483647;
			files = (
				293632D51426A68B00F7A15B /* main.m in Sources */,
				29A7041E1426EA8A00460073 /* word-machines.m in Sources */,
			);
			runOnlyForDeploymentPostprocessing = 0;
		};
		293632DF1426B1DF00F7A15B /* Sources */ = {
			isa = PBXSourcesBuildPhase;
			buildActionMask = 2147483647;
			files = (
				29A704231426FD9100460073 /* word-machines.m in Sources */,
				293632E81426B1DF00F7A15B /* main.m in Sources */,
				29A704581428503200460073 /* DictionaryModel.m in Sources */,
			);
			runOnlyForDeploymentPostprocessing = 0;
		};
/* End PBXSourcesBuildPhase section */

/* Begin PBXVariantGroup section */
		29270E62142908FB0051B993 /* InfoPlist.strings */ = {
			isa = PBXVariantGroup;
			children = (
				29270E63142908FB0051B993 /* en */,
			);
			name = InfoPlist.strings;
			sourceTree = "<group>";
		};
		29270E68142908FB0051B993 /* Credits.rtf */ = {
			isa = PBXVariantGroup;
			children = (
				29270E69142908FB0051B993 /* en */,
			);
			name = Credits.rtf;
			sourceTree = "<group>";
		};
		29270E6E142908FC0051B993 /* MainMenu.xib */ = {
			isa = PBXVariantGroup;
			children = (
				29270E6F142908FC0051B993 /* en */,
			);
			name = MainMenu.xib;
			sourceTree = "<group>";
		};
/* End PBXVariantGroup section */

/* Begin XCBuildConfiguration section */
		29270E72142908FC0051B993 /* Debug */ = {
			isa = XCBuildConfiguration;
			buildSettings = {
				FRAMEWORK_SEARCH_PATHS = (
					"$(inherited)",
					"\"$(DEVELOPER_FRAMEWORKS_DIR)\"",
				);
				GCC_PRECOMPILE_PREFIX_HEADER = YES;
				GCC_PREFIX_HEADER = "Tests/Tests-Prefix.pch";
				INFOPLIST_FILE = "Tests/Tests-Info.plist";
				PRODUCT_NAME = "$(TARGET_NAME)";
				WRAPPER_EXTENSION = app;
			};
			name = Debug;
		};
		29270E73142908FC0051B993 /* Release */ = {
			isa = XCBuildConfiguration;
			buildSettings = {
				FRAMEWORK_SEARCH_PATHS = (
					"$(inherited)",
					"\"$(DEVELOPER_FRAMEWORKS_DIR)\"",
				);
				GCC_PRECOMPILE_PREFIX_HEADER = YES;
				GCC_PREFIX_HEADER = "Tests/Tests-Prefix.pch";
				INFOPLIST_FILE = "Tests/Tests-Info.plist";
				PRODUCT_NAME = "$(TARGET_NAME)";
				WRAPPER_EXTENSION = app;
			};
			name = Release;
		};
		293632DA1426A68B00F7A15B /* Debug */ = {
			isa = XCBuildConfiguration;
			buildSettings = {
				ALWAYS_SEARCH_USER_PATHS = NO;
				ARCHS = "$(ARCHS_STANDARD_64_BIT)";
				COPY_PHASE_STRIP = NO;
				GCC_C_LANGUAGE_STANDARD = gnu99;
				GCC_DYNAMIC_NO_PIC = NO;
				GCC_ENABLE_OBJC_EXCEPTIONS = YES;
				GCC_OPTIMIZATION_LEVEL = 0;
				GCC_PREPROCESSOR_DEFINITIONS = (
					"DEBUG=1",
					"$(inherited)",
				);
				GCC_SYMBOLS_PRIVATE_EXTERN = NO;
				GCC_VERSION = com.apple.compilers.llvm.clang.1_0;
				GCC_WARN_64_TO_32_BIT_CONVERSION = YES;
				GCC_WARN_ABOUT_MISSING_PROTOTYPES = YES;
				GCC_WARN_ABOUT_RETURN_TYPE = YES;
				GCC_WARN_UNUSED_VARIABLE = YES;
				MACOSX_DEPLOYMENT_TARGET = 10.7;
				ONLY_ACTIVE_ARCH = YES;
				SDKROOT = macosx;
			};
			name = Debug;
		};
		293632DB1426A68B00F7A15B /* Release */ = {
			isa = XCBuildConfiguration;
			buildSettings = {
				ALWAYS_SEARCH_USER_PATHS = NO;
				ARCHS = "$(ARCHS_STANDARD_64_BIT)";
				COPY_PHASE_STRIP = YES;
				DEBUG_INFORMATION_FORMAT = "dwarf-with-dsym";
				GCC_C_LANGUAGE_STANDARD = gnu99;
				GCC_ENABLE_OBJC_EXCEPTIONS = YES;
				GCC_VERSION = com.apple.compilers.llvm.clang.1_0;
				GCC_WARN_64_TO_32_BIT_CONVERSION = YES;
				GCC_WARN_ABOUT_MISSING_PROTOTYPES = YES;
				GCC_WARN_ABOUT_RETURN_TYPE = YES;
				GCC_WARN_UNUSED_VARIABLE = YES;
				MACOSX_DEPLOYMENT_TARGET = 10.7;
				SDKROOT = macosx;
			};
			name = Release;
		};
		293632DD1426A68B00F7A15B /* Debug */ = {
			isa = XCBuildConfiguration;
			buildSettings = {
				GCC_PRECOMPILE_PREFIX_HEADER = YES;
				GCC_PREFIX_HEADER = "Anagram/Anagram-Prefix.pch";
				HEADER_SEARCH_PATHS = /usr/local/include;
				LIBRARY_SEARCH_PATHS = /usr/local/lib;
				OTHER_LDFLAGS = "-lhiredis";
				PRODUCT_NAME = "$(TARGET_NAME)";
				USER_HEADER_SEARCH_PATHS = "/Users/noelh/Projects/lib/** /usr/local/include";
			};
			name = Debug;
		};
		293632DE1426A68B00F7A15B /* Release */ = {
			isa = XCBuildConfiguration;
			buildSettings = {
				GCC_PRECOMPILE_PREFIX_HEADER = YES;
				GCC_PREFIX_HEADER = "Anagram/Anagram-Prefix.pch";
				HEADER_SEARCH_PATHS = /usr/local/include;
				LIBRARY_SEARCH_PATHS = /usr/local/lib;
				OTHER_LDFLAGS = "-lhiredis";
				PRODUCT_NAME = "$(TARGET_NAME)";
				USER_HEADER_SEARCH_PATHS = "/Users/noelh/Projects/lib/** /usr/local/include";
			};
			name = Release;
		};
		293632EE1426B1DF00F7A15B /* Debug */ = {
			isa = XCBuildConfiguration;
			buildSettings = {
				FRAMEWORK_SEARCH_PATHS = /Developer/Library/Frameworks;
				GCC_PRECOMPILE_PREFIX_HEADER = YES;
				GCC_PREFIX_HEADER = "DictionaryImporter/DictionaryImporter-Prefix.pch";
				HEADER_SEARCH_PATHS = /usr/local/include;
				LIBRARY_SEARCH_PATHS = /usr/local/lib;
				OTHER_LDFLAGS = "-lhiredis";
				PRODUCT_NAME = "$(TARGET_NAME)";
			};
			name = Debug;
		};
		293632EF1426B1DF00F7A15B /* Release */ = {
			isa = XCBuildConfiguration;
			buildSettings = {
				FRAMEWORK_SEARCH_PATHS = /Developer/Library/Frameworks;
				GCC_PRECOMPILE_PREFIX_HEADER = YES;
				GCC_PREFIX_HEADER = "DictionaryImporter/DictionaryImporter-Prefix.pch";
				HEADER_SEARCH_PATHS = /usr/local/include;
				LIBRARY_SEARCH_PATHS = /usr/local/lib;
				OTHER_LDFLAGS = "-lhiredis";
				PRODUCT_NAME = "$(TARGET_NAME)";
			};
			name = Release;
		};
/* End XCBuildConfiguration section */

/* Begin XCConfigurationList section */
		29270E71142908FC0051B993 /* Build configuration list for PBXNativeTarget "Tests" */ = {
			isa = XCConfigurationList;
			buildConfigurations = (
				29270E72142908FC0051B993 /* Debug */,
				29270E73142908FC0051B993 /* Release */,
			);
			defaultConfigurationIsVisible = 0;
		};
		293632C71426A68B00F7A15B /* Build configuration list for PBXProject "Anagram" */ = {
			isa = XCConfigurationList;
			buildConfigurations = (
				293632DA1426A68B00F7A15B /* Debug */,
				293632DB1426A68B00F7A15B /* Release */,
			);
			defaultConfigurationIsVisible = 0;
			defaultConfigurationName = Release;
		};
		293632DC1426A68B00F7A15B /* Build configuration list for PBXNativeTarget "Anagram" */ = {
			isa = XCConfigurationList;
			buildConfigurations = (
				293632DD1426A68B00F7A15B /* Debug */,
				293632DE1426A68B00F7A15B /* Release */,
			);
			defaultConfigurationIsVisible = 0;
			defaultConfigurationName = Release;
		};
		293632ED1426B1DF00F7A15B /* Build configuration list for PBXNativeTarget "DictionaryImporter" */ = {
			isa = XCConfigurationList;
			buildConfigurations = (
				293632EE1426B1DF00F7A15B /* Debug */,
				293632EF1426B1DF00F7A15B /* Release */,
			);
			defaultConfigurationIsVisible = 0;
			defaultConfigurationName = Release;
		};
/* End XCConfigurationList section */
	};
	rootObject = 293632C41426A68B00F7A15B /* Project object */;
}
